
Microsoft Visual Studio Solution File, Format Version 12.00
# Visual Studio Version 16
VisualStudioVersion = 16.0.32407.337
MinimumVisualStudioVersion = 10.0.40219.1
Project("{FAE04EC0-301F-11D3-BF4B-00C04F79EFBC}") = "DummyDataTest", "DummyDataTest.csproj", "{DA876004-E371-49D6-B1CA-D4C37E90E068}"
EndProject
Global
	GlobalSection(SolutionConfigurationPlatforms) = preSolution
		Debug|Any CPU = Debug|Any CPU
		Release|Any CPU = Release|Any CPU
	EndGlobalSection
	GlobalSection(ProjectConfigurationPlatforms) = postSolution
		{DA876004-E371-49D6-B1CA-D4C37E90E068}.Debug|Any CPU.ActiveCfg = Debug|Any CPU
		{DA876004-E371-49D6-B1CA-D4C37E90E068}.Debug|Any CPU.Build.0 = Debug|Any CPU
		{DA876004-E371-49D6-B1CA-D4C37E90E068}.Release|Any CPU.ActiveCfg = Release|Any CPU
		{DA876004-E371-49D6-B1CA-D4C37E90E068}.Release|Any CPU.Build.0 = Release|Any CPU
	EndGlobalSection
	GlobalSection(SolutionProperties) = preSolution
		HideSolutionNode = FALSE
	EndGlobalSection
	GlobalSection(ExtensibilityGlobals) = postSolution
		SolutionGuid = {5D5666D6-FF7A-4F3D-8C8D-82E1659B9C15}
	EndGlobalSection
EndGlobal
