
Microsoft Visual Studio Solution File, Format Version 12.00
# Visual Studio Version 16
VisualStudioVersion = 16.0.32407.337
MinimumVisualStudioVersion = 10.0.40219.1
Project("{FAE04EC0-301F-11D3-BF4B-00C04F79EFBC}") = "WpfBikeShop", "WpfBikeShop.csproj", "{835E46FE-5B03-4E20-BE00-746FCA54C4C3}"
EndProject
Global
	GlobalSection(SolutionConfigurationPlatforms) = preSolution
		Debug|Any CPU = Debug|Any CPU
		Release|Any CPU = Release|Any CPU
	EndGlobalSection
	GlobalSection(ProjectConfigurationPlatforms) = postSolution
		{835E46FE-5B03-4E20-BE00-746FCA54C4C3}.Debug|Any CPU.ActiveCfg = Debug|Any CPU
		{835E46FE-5B03-4E20-BE00-746FCA54C4C3}.Debug|Any CPU.Build.0 = Debug|Any CPU
		{835E46FE-5B03-4E20-BE00-746FCA54C4C3}.Release|Any CPU.ActiveCfg = Release|Any CPU
		{835E46FE-5B03-4E20-BE00-746FCA54C4C3}.Release|Any CPU.Build.0 = Release|Any CPU
	EndGlobalSection
	GlobalSection(SolutionProperties) = preSolution
		HideSolutionNode = FALSE
	EndGlobalSection
	GlobalSection(ExtensibilityGlobals) = postSolution
		SolutionGuid = {719BF55B-E713-47FB-96FF-0EB787D9AE0F}
	EndGlobalSection
EndGlobal
